
Microsoft Visual Studio Solution File, Format Version 12.00
# Visual Studio Version 16
VisualStudioVersion = 16.0.30717.126
MinimumVisualStudioVersion = 10.0.40219.1
Project("{9A19103F-16F7-4668-BE54-9A1E7A4F7556}") = "PhoneBookAPI", "PhoneBookAPI\PhoneBookAPI.csproj", "{1CCDE7B4-006B-4E90-A9B4-A515927BFFCF}"
EndProject
Project("{9A19103F-16F7-4668-BE54-9A1E7A4F7556}") = "ReportAPI", "ReportAPI\ReportAPI.csproj", "{6509BD12-BB59-4572-97F4-FC1DE53CC85B}"
EndProject
Project("{FAE04EC0-301F-11D3-BF4B-00C04F79EFBC}") = "UnitTests", "UnitTests\UnitTests.csproj", "{8617CA94-6225-4CE8-9D5E-EAB272A738DB}"
EndProject
Global
	GlobalSection(SolutionConfigurationPlatforms) = preSolution
		Debug|Any CPU = Debug|Any CPU
		Release|Any CPU = Release|Any CPU
	EndGlobalSection
	GlobalSection(ProjectConfigurationPlatforms) = postSolution
		{1CCDE7B4-006B-4E90-A9B4-A515927BFFCF}.Debug|Any CPU.ActiveCfg = Debug|Any CPU
		{1CCDE7B4-006B-4E90-A9B4-A515927BFFCF}.Debug|Any CPU.Build.0 = Debug|Any CPU
		{1CCDE7B4-006B-4E90-A9B4-A515927BFFCF}.Release|Any CPU.ActiveCfg = Release|Any CPU
		{1CCDE7B4-006B-4E90-A9B4-A515927BFFCF}.Release|Any CPU.Build.0 = Release|Any CPU
		{6509BD12-BB59-4572-97F4-FC1DE53CC85B}.Debug|Any CPU.ActiveCfg = Debug|Any CPU
		{6509BD12-BB59-4572-97F4-FC1DE53CC85B}.Debug|Any CPU.Build.0 = Debug|Any CPU
		{6509BD12-BB59-4572-97F4-FC1DE53CC85B}.Release|Any CPU.ActiveCfg = Release|Any CPU
		{6509BD12-BB59-4572-97F4-FC1DE53CC85B}.Release|Any CPU.Build.0 = Release|Any CPU
		{8617CA94-6225-4CE8-9D5E-EAB272A738DB}.Debug|Any CPU.ActiveCfg = Debug|Any CPU
		{8617CA94-6225-4CE8-9D5E-EAB272A738DB}.Debug|Any CPU.Build.0 = Debug|Any CPU
		{8617CA94-6225-4CE8-9D5E-EAB272A738DB}.Release|Any CPU.ActiveCfg = Release|Any CPU
		{8617CA94-6225-4CE8-9D5E-EAB272A738DB}.Release|Any CPU.Build.0 = Release|Any CPU
	EndGlobalSection
	GlobalSection(SolutionProperties) = preSolution
		HideSolutionNode = FALSE
	EndGlobalSection
	GlobalSection(ExtensibilityGlobals) = postSolution
		SolutionGuid = {A29BCEF6-C47F-4398-B6BE-D8D13A246294}
	EndGlobalSection
EndGlobal
